{
  "nodes": {
    "flake-utils": {
      "locked": {
        "lastModified": 1601282935,
        "narHash": "sha256-WQAFV6sGGQxrRs3a+/Yj9xUYvhTpukQJIcMbIi7LCJ4=",
        "owner": "numtide",
        "repo": "flake-utils",
        "rev": "588973065fce51f4763287f0fda87a174d78bf48",
        "type": "github"
      },
      "original": {
        "owner": "numtide",
        "repo": "flake-utils",
        "type": "github"
      }
    },
    "nixpkgs": {
      "locked": {
        "lastModified": 1603176674,
        "narHash": "sha256-r9vgYYqL1HfhMaVJX3b0rBoKHsc4FSSVnWArevM1Nss=",
        "owner": "NixOS",
        "repo": "nixpkgs",
        "rev": "05334ad78526ead39af85f846515606d9f052a11",
        "type": "github"
      },
      "original": {
        "owner": "NixOS",
        "ref": "nixos-20.09",
        "repo": "nixpkgs",
        "type": "github"
      }
    },
    "root": {
      "inputs": {
        "flake-utils": "flake-utils",
        "nixpkgs": "nixpkgs",
        "tinybeachthor": "tinybeachthor"
      }
    },
    "tinybeachthor": {
      "inputs": {
        "nixpkgs": [
          "nixpkgs"
        ]
      },
      "locked": {
        "lastModified": 1617207297,
        "narHash": "sha256-zQNXOrDk1V7cMhvygeBpix0Mwm2xC2Zsr33PWQYuCq8=",
        "owner": "tinybeachthor",
        "repo": "nur-packages",
        "rev": "37ab3a1aecd9fa3a6f033d9c34bd1b2538e84f5d",
        "type": "github"
      },
      "original": {
        "owner": "tinybeachthor",
        "ref": "master",
        "repo": "nur-packages",
        "type": "github"
      }
    }
  },
  "root": "root",
  "version": 7
}
